# THIS IS AN AUTOGENERATED FILE. DO NOT EDIT THIS FILE DIRECTLY.
# yarn lockfile v1


clean-css@^4.1.9:
  version "4.1.9"
  resolved "https://registry.yarnpkg.com/clean-css/-/clean-css-4.1.9.tgz#35cee8ae7687a49b98034f70de00c4edd3826301"
  dependencies:
    source-map "0.5.x"

source-map@0.5.x:
  version "0.5.7"
  resolved "https://registry.yarnpkg.com/source-map/-/source-map-0.5.7.tgz#8a039d2d1021d22d1ea14c80d8ea468ba2ef3fcc"
